
Microsoft Visual Studio Solution File, Format Version 12.00
# Visual Studio 14
VisualStudioVersion = 14.0.25420.1
MinimumVisualStudioVersion = 10.0.40219.1
Project("{8BC9CEB8-8B4A-11D0-8D11-00A0C91BC942}") = "fakensp", "fakensp\fakensp.vcxproj", "{5A520146-B605-413E-AC54-851DC6B2D805}"
EndProject
Project("{8BC9CEB8-8B4A-11D0-8D11-00A0C91BC942}") = "nspinstall", "nspinstall\nspinstall.vcxproj", "{977C0A24-717F-4514-81C0-9876F228B176}"
EndProject
Project("{8BC9CEB8-8B4A-11D0-8D11-00A0C91BC942}") = "TestNSP", "TestNSP\TestNSP.vcxproj", "{9A096183-45F6-45E7-AD19-65AD4FC52E7D}"
EndProject
Global
	GlobalSection(SolutionConfigurationPlatforms) = preSolution
		Release|x64 = Release|x64
		Release|x86 = Release|x86
	EndGlobalSection
	GlobalSection(ProjectConfigurationPlatforms) = postSolution
		{5A520146-B605-413E-AC54-851DC6B2D805}.Release|x64.ActiveCfg = Release|x64
		{5A520146-B605-413E-AC54-851DC6B2D805}.Release|x64.Build.0 = Release|x64
		{5A520146-B605-413E-AC54-851DC6B2D805}.Release|x86.ActiveCfg = Release|Win32
		{5A520146-B605-413E-AC54-851DC6B2D805}.Release|x86.Build.0 = Release|Win32
		{977C0A24-717F-4514-81C0-9876F228B176}.Release|x64.ActiveCfg = Release|x64
		{977C0A24-717F-4514-81C0-9876F228B176}.Release|x64.Build.0 = Release|x64
		{977C0A24-717F-4514-81C0-9876F228B176}.Release|x86.ActiveCfg = Release|Win32
		{977C0A24-717F-4514-81C0-9876F228B176}.Release|x86.Build.0 = Release|Win32
		{9A096183-45F6-45E7-AD19-65AD4FC52E7D}.Release|x64.ActiveCfg = Release|x64
		{9A096183-45F6-45E7-AD19-65AD4FC52E7D}.Release|x64.Build.0 = Release|x64
		{9A096183-45F6-45E7-AD19-65AD4FC52E7D}.Release|x86.ActiveCfg = Release|Win32
		{9A096183-45F6-45E7-AD19-65AD4FC52E7D}.Release|x86.Build.0 = Release|Win32
	EndGlobalSection
	GlobalSection(SolutionProperties) = preSolution
		HideSolutionNode = FALSE
	EndGlobalSection
EndGlobal
